
Microsoft Visual Studio Solution File, Format Version 12.00
# Visual Studio Version 17
VisualStudioVersion = 17.0.31903.59
MinimumVisualStudioVersion = 10.0.40219.1
Project("{2150E333-8FDC-42A3-9474-1A3956D46DE8}") = "src", "src", "{01930AA9-AA51-46FD-85A3-3ACBC77E6E2A}"
EndProject
Project("{FAE04EC0-301F-11D3-BF4B-00C04F79EFBC}") = "Zsc.ApiGateway", "src\Zsc.ApiGateway\Zsc.ApiGateway.csproj", "{5E643250-0090-437F-B291-8C1E3059C861}"
EndProject
Project("{FAE04EC0-301F-11D3-BF4B-00C04F79EFBC}") = "Zsc.Bff", "src\Zsc.Bff\Zsc.Bff.csproj", "{5DBB1B73-B7B8-419B-916B-BFF4ADD99418}"
EndProject
Project("{FAE04EC0-301F-11D3-BF4B-00C04F79EFBC}") = "Zsc.CommonRoutes", "src\Zsc.CommonRoutes\Zsc.CommonRoutes.csproj", "{A4805C81-2936-4C52-AD97-DA70D4763C26}"
EndProject
Project("{FAE04EC0-301F-11D3-BF4B-00C04F79EFBC}") = "Zsc.DeviceApi", "src\Zsc.DeviceApi\Zsc.DeviceApi.csproj", "{DD461089-D381-44AF-8F98-405C15EE4917}"
EndProject
Project("{FAE04EC0-301F-11D3-BF4B-00C04F79EFBC}") = "Zsc.HealthStatus", "src\Zsc.HealthStatus\Zsc.HealthStatus.csproj", "{D72A5C49-3F4D-4B19-9B82-D3333F668B87}"
EndProject
Project("{FAE04EC0-301F-11D3-BF4B-00C04F79EFBC}") = "Zsc.Interceptor", "src\Zsc.Interceptor\Zsc.Interceptor.csproj", "{D73362D1-8521-42D1-8037-9FC3617488C2}"
EndProject
Project("{2150E333-8FDC-42A3-9474-1A3956D46DE8}") = "tests", "tests", "{299B89FC-73B4-44B6-9B22-8A73A1951A46}"
EndProject
Project("{FAE04EC0-301F-11D3-BF4B-00C04F79EFBC}") = "Zsc.CommonRoutes.Tests", "tests\Zsc.CommonRoutes.Tests\Zsc.CommonRoutes.Tests.csproj", "{9DE3F411-66DD-4BE3-BD2A-8B173618F4FA}"
EndProject
Project("{FAE04EC0-301F-11D3-BF4B-00C04F79EFBC}") = "Zsc.E2E.Tests", "tests\Zsc.E2E.Tests\Zsc.E2E.Tests.csproj", "{2FA0D1D4-E1F3-4F0B-A429-719E6E36AC07}"
EndProject
Project("{FAE04EC0-301F-11D3-BF4B-00C04F79EFBC}") = "Zsc.HealthStatus.Tests", "tests\Zsc.HealthStatus.Tests\Zsc.HealthStatus.Tests.csproj", "{B56902AB-4B11-4C14-9B67-D12C5A3AE700}"
EndProject
Project("{FAE04EC0-301F-11D3-BF4B-00C04F79EFBC}") = "Zsc.Interceptor.Tests", "tests\Zsc.Interceptor.Tests\Zsc.Interceptor.Tests.csproj", "{15E76BDA-CE97-42FC-AC54-40E5F9859E14}"
EndProject
Global
	GlobalSection(SolutionConfigurationPlatforms) = preSolution
		Debug|Any CPU = Debug|Any CPU
		Release|Any CPU = Release|Any CPU
	EndGlobalSection
	GlobalSection(SolutionProperties) = preSolution
		HideSolutionNode = FALSE
	EndGlobalSection
	GlobalSection(ProjectConfigurationPlatforms) = postSolution
		{5E643250-0090-437F-B291-8C1E3059C861}.Debug|Any CPU.ActiveCfg = Debug|Any CPU
		{5E643250-0090-437F-B291-8C1E3059C861}.Debug|Any CPU.Build.0 = Debug|Any CPU
		{5E643250-0090-437F-B291-8C1E3059C861}.Release|Any CPU.ActiveCfg = Release|Any CPU
		{5E643250-0090-437F-B291-8C1E3059C861}.Release|Any CPU.Build.0 = Release|Any CPU
		{5DBB1B73-B7B8-419B-916B-BFF4ADD99418}.Debug|Any CPU.ActiveCfg = Debug|Any CPU
		{5DBB1B73-B7B8-419B-916B-BFF4ADD99418}.Debug|Any CPU.Build.0 = Debug|Any CPU
		{5DBB1B73-B7B8-419B-916B-BFF4ADD99418}.Release|Any CPU.ActiveCfg = Release|Any CPU
		{5DBB1B73-B7B8-419B-916B-BFF4ADD99418}.Release|Any CPU.Build.0 = Release|Any CPU
		{A4805C81-2936-4C52-AD97-DA70D4763C26}.Debug|Any CPU.ActiveCfg = Debug|Any CPU
		{A4805C81-2936-4C52-AD97-DA70D4763C26}.Debug|Any CPU.Build.0 = Debug|Any CPU
		{A4805C81-2936-4C52-AD97-DA70D4763C26}.Release|Any CPU.ActiveCfg = Release|Any CPU
		{A4805C81-2936-4C52-AD97-DA70D4763C26}.Release|Any CPU.Build.0 = Release|Any CPU
		{DD461089-D381-44AF-8F98-405C15EE4917}.Debug|Any CPU.ActiveCfg = Debug|Any CPU
		{DD461089-D381-44AF-8F98-405C15EE4917}.Debug|Any CPU.Build.0 = Debug|Any CPU
		{DD461089-D381-44AF-8F98-405C15EE4917}.Release|Any CPU.ActiveCfg = Release|Any CPU
		{DD461089-D381-44AF-8F98-405C15EE4917}.Release|Any CPU.Build.0 = Release|Any CPU
		{D72A5C49-3F4D-4B19-9B82-D3333F668B87}.Debug|Any CPU.ActiveCfg = Debug|Any CPU
		{D72A5C49-3F4D-4B19-9B82-D3333F668B87}.Debug|Any CPU.Build.0 = Debug|Any CPU
		{D72A5C49-3F4D-4B19-9B82-D3333F668B87}.Release|Any CPU.ActiveCfg = Release|Any CPU
		{D72A5C49-3F4D-4B19-9B82-D3333F668B87}.Release|Any CPU.Build.0 = Release|Any CPU
		{D73362D1-8521-42D1-8037-9FC3617488C2}.Debug|Any CPU.ActiveCfg = Debug|Any CPU
		{D73362D1-8521-42D1-8037-9FC3617488C2}.Debug|Any CPU.Build.0 = Debug|Any CPU
		{D73362D1-8521-42D1-8037-9FC3617488C2}.Release|Any CPU.ActiveCfg = Release|Any CPU
		{D73362D1-8521-42D1-8037-9FC3617488C2}.Release|Any CPU.Build.0 = Release|Any CPU
		{9DE3F411-66DD-4BE3-BD2A-8B173618F4FA}.Debug|Any CPU.ActiveCfg = Debug|Any CPU
		{9DE3F411-66DD-4BE3-BD2A-8B173618F4FA}.Debug|Any CPU.Build.0 = Debug|Any CPU
		{9DE3F411-66DD-4BE3-BD2A-8B173618F4FA}.Release|Any CPU.ActiveCfg = Release|Any CPU
		{9DE3F411-66DD-4BE3-BD2A-8B173618F4FA}.Release|Any CPU.Build.0 = Release|Any CPU
		{2FA0D1D4-E1F3-4F0B-A429-719E6E36AC07}.Debug|Any CPU.ActiveCfg = Debug|Any CPU
		{2FA0D1D4-E1F3-4F0B-A429-719E6E36AC07}.Debug|Any CPU.Build.0 = Debug|Any CPU
		{2FA0D1D4-E1F3-4F0B-A429-719E6E36AC07}.Release|Any CPU.ActiveCfg = Release|Any CPU
		{2FA0D1D4-E1F3-4F0B-A429-719E6E36AC07}.Release|Any CPU.Build.0 = Release|Any CPU
		{B56902AB-4B11-4C14-9B67-D12C5A3AE700}.Debug|Any CPU.ActiveCfg = Debug|Any CPU
		{B56902AB-4B11-4C14-9B67-D12C5A3AE700}.Debug|Any CPU.Build.0 = Debug|Any CPU
		{B56902AB-4B11-4C14-9B67-D12C5A3AE700}.Release|Any CPU.ActiveCfg = Release|Any CPU
		{B56902AB-4B11-4C14-9B67-D12C5A3AE700}.Release|Any CPU.Build.0 = Release|Any CPU
		{15E76BDA-CE97-42FC-AC54-40E5F9859E14}.Debug|Any CPU.ActiveCfg = Debug|Any CPU
		{15E76BDA-CE97-42FC-AC54-40E5F9859E14}.Debug|Any CPU.Build.0 = Debug|Any CPU
		{15E76BDA-CE97-42FC-AC54-40E5F9859E14}.Release|Any CPU.ActiveCfg = Release|Any CPU
		{15E76BDA-CE97-42FC-AC54-40E5F9859E14}.Release|Any CPU.Build.0 = Release|Any CPU
	EndGlobalSection
	GlobalSection(NestedProjects) = preSolution
		{5E643250-0090-437F-B291-8C1E3059C861} = {01930AA9-AA51-46FD-85A3-3ACBC77E6E2A}
		{5DBB1B73-B7B8-419B-916B-BFF4ADD99418} = {01930AA9-AA51-46FD-85A3-3ACBC77E6E2A}
		{A4805C81-2936-4C52-AD97-DA70D4763C26} = {01930AA9-AA51-46FD-85A3-3ACBC77E6E2A}
		{DD461089-D381-44AF-8F98-405C15EE4917} = {01930AA9-AA51-46FD-85A3-3ACBC77E6E2A}
		{D72A5C49-3F4D-4B19-9B82-D3333F668B87} = {01930AA9-AA51-46FD-85A3-3ACBC77E6E2A}
		{D73362D1-8521-42D1-8037-9FC3617488C2} = {01930AA9-AA51-46FD-85A3-3ACBC77E6E2A}
		{9DE3F411-66DD-4BE3-BD2A-8B173618F4FA} = {299B89FC-73B4-44B6-9B22-8A73A1951A46}
		{2FA0D1D4-E1F3-4F0B-A429-719E6E36AC07} = {299B89FC-73B4-44B6-9B22-8A73A1951A46}
		{B56902AB-4B11-4C14-9B67-D12C5A3AE700} = {299B89FC-73B4-44B6-9B22-8A73A1951A46}
		{15E76BDA-CE97-42FC-AC54-40E5F9859E14} = {299B89FC-73B4-44B6-9B22-8A73A1951A46}
	EndGlobalSection
EndGlobal
